{
  "name": "week4",
  "version": "1.0.0",
  "lockfileVersion": 3,
  "requires": true,
  "packages": {
    "": {
      "name": "week4",
      "version": "1.0.0",
      "license": "ISC",
      "dependencies": {
        "@prisma/client": "^5.9.0"
      },
      "devDependencies": {
        "prisma": "^5.9.0"
      }
    },
    "node_modules/@prisma/client": {
      "version": "5.9.0",
      "resolved": "https://registry.npmjs.org/@prisma/client/-/client-5.9.0.tgz",
      "integrity": "sha512-dHvFZgCT0BpRS+gRhk3S+50DstXMmVowxbrPeUJaK7sjNq5OhzfpT/OGE1kq9z5Q8WmOwIXJXyxP8O2CmP+nSg==",
      "hasInstallScript": true,
      "engines": {
        "node": ">=16.13"
      },
      "peerDependencies": {
        "prisma": "*"
      },
      "peerDependenciesMeta": {
        "prisma": {
          "optional": true
        }
      }
    },
    "node_modules/@prisma/debug": {
      "version": "5.9.0",
      "resolved": "https://registry.npmjs.org/@prisma/debug/-/debug-5.9.0.tgz",
      "integrity": "sha512-3Uhj5YSPqaIfzJQ6JQzCNBXeBTy0x803fGIoo2tvP/KIEd+o4o49JxCQtKtP8aeef5iNh5Nn9Z25wDrdLjS80A==",
      "devOptional": true
    },
    "node_modules/@prisma/engines": {
      "version": "5.9.0",
      "resolved": "https://registry.npmjs.org/@prisma/engines/-/engines-5.9.0.tgz",
      "integrity": "sha512-BH1fpXbMH09TwfZH5FVMJwRp6afEhKzqwebbCLdaEkJDuhxA//iwbILLqGFtGTgZbdBNUOThIK+UC3++5kWMTg==",
      "devOptional": true,
      "hasInstallScript": true,
      "dependencies": {
        "@prisma/debug": "5.9.0",
        "@prisma/engines-version": "5.9.0-32.23fdc5965b1e05fc54e5f26ed3de66776b93de64",
        "@prisma/fetch-engine": "5.9.0",
        "@prisma/get-platform": "5.9.0"
      }
    },
    "node_modules/@prisma/engines-version": {
      "version": "5.9.0-32.23fdc5965b1e05fc54e5f26ed3de66776b93de64",
      "resolved": "https://registry.npmjs.org/@prisma/engines-version/-/engines-version-5.9.0-32.23fdc5965b1e05fc54e5f26ed3de66776b93de64.tgz",
      "integrity": "sha512-HFl7275yF0FWbdcNvcSRbbu9JCBSLMcurYwvWc8WGDnpu7APxQo2ONtZrUggU3WxLxUJ2uBX+0GOFIcJeVeOOQ==",
      "devOptional": true
    },
    "node_modules/@prisma/fetch-engine": {
      "version": "5.9.0",
      "resolved": "https://registry.npmjs.org/@prisma/fetch-engine/-/fetch-engine-5.9.0.tgz",
      "integrity": "sha512-NL8Vm8Vl2d6NOSkkPGN5TTTz4s6cyCleXOzqtOFWzfKFJ4wtN2Shu7llOT+ykf6nDzh1lCN2JHUt1S6FGFZGig==",
      "devOptional": true,
      "dependencies": {
        "@prisma/debug": "5.9.0",
        "@prisma/engines-version": "5.9.0-32.23fdc5965b1e05fc54e5f26ed3de66776b93de64",
        "@prisma/get-platform": "5.9.0"
      }
    },
    "node_modules/@prisma/get-platform": {
      "version": "5.9.0",
      "resolved": "https://registry.npmjs.org/@prisma/get-platform/-/get-platform-5.9.0.tgz",
      "integrity": "sha512-8CatX+E6eZxcOjJZe5hF8EXxdb5GsQTA/u7pdmUJSxGLacW9K3r5vDdgV8s22PubObQQ6979/rkCMItbCrG4Yg==",
      "devOptional": true,
      "dependencies": {
        "@prisma/debug": "5.9.0"
      }
    },
    "node_modules/prisma": {
      "version": "5.9.0",
      "resolved": "https://registry.npmjs.org/prisma/-/prisma-5.9.0.tgz",
      "integrity": "sha512-0UcOofjNuAnd227JMaPqZvP01dsUXw9EXB9iC8fyoZtfv7zkQ0ozxyjY1g+vcjFPOnNLICMnLHx+lM5BJZYqOQ==",
      "devOptional": true,
      "hasInstallScript": true,
      "dependencies": {
        "@prisma/engines": "5.9.0"
      },
      "bin": {
        "prisma": "build/index.js"
      },
      "engines": {
        "node": ">=16.13"
      }
    }
  }
}
