{
  "nodes": {
    "fenix": {
      "inputs": {
        "nixpkgs": [
          "nixpkgs"
        ],
        "rust-analyzer-src": "rust-analyzer-src"
      },
      "locked": {
        "lastModified": 1717568841,
        "narHash": "sha256-uF0TjD2fu8uShcCubVoKA9CQaAjJpDVCnzrK0uSMU1g=",
        "owner": "nix-community",
        "repo": "fenix",
        "rev": "1df7cd8d759674ac69bdb67e0d55446c2394da68",
        "type": "github"
      },
      "original": {
        "owner": "nix-community",
        "repo": "fenix",
        "type": "github"
      }
    },
    "nixpkgs": {
      "locked": {
        "lastModified": 1717281328,
        "narHash": "sha256-evZPzpf59oNcDUXxh2GHcxHkTEG4fjae2ytWP85jXRo=",
        "owner": "NixOS",
        "repo": "nixpkgs",
        "rev": "b3b2b28c1daa04fe2ae47c21bb76fd226eac4ca1",
        "type": "github"
      },
      "original": {
        "id": "nixpkgs",
        "ref": "nixos-24.05",
        "type": "indirect"
      }
    },
    "root": {
      "inputs": {
        "fenix": "fenix",
        "nixpkgs": "nixpkgs",
        "utils": "utils"
      }
    },
    "rust-analyzer-src": {
      "flake": false,
      "locked": {
        "lastModified": 1717511332,
        "narHash": "sha256-50VrD5Wl2BVJZkSRj/stvEvHvbrJcIOPTtQbI6Zvqfw=",
        "owner": "rust-lang",
        "repo": "rust-analyzer",
        "rev": "29e5cdfb054635364b6d8290a096e64d258ce78b",
        "type": "github"
      },
      "original": {
        "owner": "rust-lang",
        "ref": "nightly",
        "repo": "rust-analyzer",
        "type": "github"
      }
    },
    "systems": {
      "locked": {
        "lastModified": 1681028828,
        "narHash": "sha256-Vy1rq5AaRuLzOxct8nz4T6wlgyUR7zLU309k9mBC768=",
        "owner": "nix-systems",
        "repo": "default",
        "rev": "da67096a3b9bf56a91d16901293e51ba5b49a27e",
        "type": "github"
      },
      "original": {
        "owner": "nix-systems",
        "repo": "default",
        "type": "github"
      }
    },
    "utils": {
      "inputs": {
        "systems": "systems"
      },
      "locked": {
        "lastModified": 1710146030,
        "narHash": "sha256-SZ5L6eA7HJ/nmkzGG7/ISclqe6oZdOZTNoesiInkXPQ=",
        "owner": "numtide",
        "repo": "flake-utils",
        "rev": "b1d9ab70662946ef0850d488da1c9019f3a9752a",
        "type": "github"
      },
      "original": {
        "owner": "numtide",
        "repo": "flake-utils",
        "type": "github"
      }
    }
  },
  "root": "root",
  "version": 7
}
